# THIS IS AN AUTOGENERATED FILE. DO NOT EDIT THIS FILE DIRECTLY.
# yarn lockfile v1


oracledb@^5.2.0:
  version "5.2.0"
  resolved "https://registry.yarnpkg.com/oracledb/-/oracledb-5.2.0.tgz#c5774a38508e2ebd4f899500dfc35daa03b00481"
  integrity sha512-gHOWTM6ILKOGVH3Z+11Cnpls8XWW7sZUoBrbQWvspYOGpkvJ+TKRr1OdVS21EyeAtfMzXePDrSvG/Mlp/fxOVA==
